NeoBundleLock molokai db8ce13b3737d3ddea8368498183d7c204a762eb
NeoBundleLock vim-colors-solarized 528a59f26d12278698bb946f8fb82a63711eec21
NeoBundleLock vim-railscasts-theme 9035daff38dbbd30229890f26e54d9a7a71deca3
NeoBundleLock vim-hybrid 471b235306b94850a3c6b1d2d9e5203e9919c15e
NeoBundleLock rdark cca9bf19977a587b846c10a4f0d16688e57138bb
NeoBundleLock Wombat 600a27a126a32a1c7fd5d46727c2bb488d8e7465
NeoBundleLock neobundle.vim a4c2ce81f007144e34a7064325d55b94beb04f0d
NeoBundleLock jellybeans.vim 0761708c890becd3e027551068e0ae272da003e0
NeoBundleLock lightline.vim a7783e8c813c93d18cbe7346e44b841833275cc9
NeoBundleLock vim-lucius e9bad00b6fd47a75fc4186a80d34fcdfecb0af0d
NeoBundleLock unite.vim ed765879071263968914d436e1f887e67abc89b1
NeoBundleLock twilight 61d8d3e49507ae69d32951d63edf9755c87f4da6
NeoBundleLock unite-colorscheme 3aa33866a183f7659594a3f6b66b2334eaebc6a0
